
Microsoft Visual Studio Solution File, Format Version 12.00
# Visual Studio Version 17
VisualStudioVersion = 17.5.002.0
MinimumVisualStudioVersion = 10.0.40219.1
Project("{9A19103F-16F7-4668-BE54-9A1E7A4F7556}") = "AboutPath", "AboutPath.csproj", "{9641D9EA-2A3F-49D6-A3C4-8EF77B2879CF}"
EndProject
Global
	GlobalSection(SolutionConfigurationPlatforms) = preSolution
		Debug|Any CPU = Debug|Any CPU
		Release|Any CPU = Release|Any CPU
	EndGlobalSection
	GlobalSection(ProjectConfigurationPlatforms) = postSolution
		{9641D9EA-2A3F-49D6-A3C4-8EF77B2879CF}.Debug|Any CPU.ActiveCfg = Debug|Any CPU
		{9641D9EA-2A3F-49D6-A3C4-8EF77B2879CF}.Debug|Any CPU.Build.0 = Debug|Any CPU
		{9641D9EA-2A3F-49D6-A3C4-8EF77B2879CF}.Release|Any CPU.ActiveCfg = Release|Any CPU
		{9641D9EA-2A3F-49D6-A3C4-8EF77B2879CF}.Release|Any CPU.Build.0 = Release|Any CPU
	EndGlobalSection
	GlobalSection(SolutionProperties) = preSolution
		HideSolutionNode = FALSE
	EndGlobalSection
	GlobalSection(ExtensibilityGlobals) = postSolution
		SolutionGuid = {06BE2393-FDD0-40D8-ABAF-0EE6A6DE0A10}
	EndGlobalSection
EndGlobal
