
Microsoft Visual Studio Solution File, Format Version 12.00
# Visual Studio Version 17
VisualStudioVersion = 17.5.002.0
MinimumVisualStudioVersion = 10.0.40219.1
Project("{9A19103F-16F7-4668-BE54-9A1E7A4F7556}") = "UsingBlock", "UsingBlock.csproj", "{3090D4E2-5825-43B9-ABDA-891B362C0CAF}"
EndProject
Global
	GlobalSection(SolutionConfigurationPlatforms) = preSolution
		Debug|Any CPU = Debug|Any CPU
		Release|Any CPU = Release|Any CPU
	EndGlobalSection
	GlobalSection(ProjectConfigurationPlatforms) = postSolution
		{3090D4E2-5825-43B9-ABDA-891B362C0CAF}.Debug|Any CPU.ActiveCfg = Debug|Any CPU
		{3090D4E2-5825-43B9-ABDA-891B362C0CAF}.Debug|Any CPU.Build.0 = Debug|Any CPU
		{3090D4E2-5825-43B9-ABDA-891B362C0CAF}.Release|Any CPU.ActiveCfg = Release|Any CPU
		{3090D4E2-5825-43B9-ABDA-891B362C0CAF}.Release|Any CPU.Build.0 = Release|Any CPU
	EndGlobalSection
	GlobalSection(SolutionProperties) = preSolution
		HideSolutionNode = FALSE
	EndGlobalSection
	GlobalSection(ExtensibilityGlobals) = postSolution
		SolutionGuid = {81F8052A-B540-4A55-8D2F-4B350719722F}
	EndGlobalSection
EndGlobal
